
Microsoft Visual Studio Solution File, Format Version 12.00
# Visual Studio Version 16
VisualStudioVersion = 16.0.30225.117
MinimumVisualStudioVersion = 10.0.40219.1
Project("{FAE04EC0-301F-11D3-BF4B-00C04F79EFBC}") = "SitefinityWebApp", "SitefinityWebApp\SitefinityWebApp.csproj", "{1051A395-4A79-494D-B979-D8A406C1630C}"
EndProject
Global
	GlobalSection(SolutionConfigurationPlatforms) = preSolution
		Debug|Any CPU = Debug|Any CPU
		Release|Any CPU = Release|Any CPU
	EndGlobalSection
	GlobalSection(ProjectConfigurationPlatforms) = postSolution
		{1051A395-4A79-494D-B979-D8A406C1630C}.Debug|Any CPU.ActiveCfg = Debug|Any CPU
		{1051A395-4A79-494D-B979-D8A406C1630C}.Debug|Any CPU.Build.0 = Debug|Any CPU
		{1051A395-4A79-494D-B979-D8A406C1630C}.Release|Any CPU.ActiveCfg = Release|Any CPU
		{1051A395-4A79-494D-B979-D8A406C1630C}.Release|Any CPU.Build.0 = Release|Any CPU
	EndGlobalSection
	GlobalSection(SolutionProperties) = preSolution
		HideSolutionNode = FALSE
	EndGlobalSection
	GlobalSection(ExtensibilityGlobals) = postSolution
		SolutionGuid = {2E2D69FD-D23A-48E2-90AD-D15457B77B7A}
	EndGlobalSection
EndGlobal
